
Microsoft Visual Studio Solution File, Format Version 12.00
# Visual Studio Version 17
VisualStudioVersion = 17.1.32407.343
MinimumVisualStudioVersion = 10.0.40219.1
Project("{2150E333-8FDC-42A3-9474-1A3956D46DE8}") = "doc", "doc", "{6900A642-837A-488C-BF71-BDBFF5C8607F}"
	ProjectSection(SolutionItems) = preProject
		doc\simple_chat.png = doc\simple_chat.png
	EndProjectSection
EndProject
Project("{2150E333-8FDC-42A3-9474-1A3956D46DE8}") = "src", "src", "{5F609931-7ED6-4D23-88AC-321280B19014}"
EndProject
Project("{2150E333-8FDC-42A3-9474-1A3956D46DE8}") = "tests", "tests", "{6D1D5FCC-4ECD-4BB8-A8AC-0858F6AF6D41}"
EndProject
Project("{2150E333-8FDC-42A3-9474-1A3956D46DE8}") = "Solution Items", "Solution Items", "{3E6019A9-9338-425E-983B-F3C21939235D}"
	ProjectSection(SolutionItems) = preProject
		LICENSE = LICENSE
		README.md = README.md
	EndProjectSection
EndProject
Project("{FAE04EC0-301F-11D3-BF4B-00C04F79EFBC}") = "ChatServer", "src\Step1\ChatServer\ChatServer.csproj", "{E24E77C4-F46F-4C3A-9B29-775430C744EF}"
EndProject
Project("{2150E333-8FDC-42A3-9474-1A3956D46DE8}") = "step1", "step1", "{1FEB6300-0B26-4E34-B7A8-47CE84D7FB48}"
EndProject
Project("{FAE04EC0-301F-11D3-BF4B-00C04F79EFBC}") = "ChatClient", "src\Step1\ChatClient\ChatClient.csproj", "{86E513CA-5346-4C5C-8A02-8F48D7406642}"
EndProject
Project("{2150E333-8FDC-42A3-9474-1A3956D46DE8}") = "step2", "step2", "{ECE2CF94-789B-4D92-8BA6-B06066490B4B}"
EndProject
Project("{FAE04EC0-301F-11D3-BF4B-00C04F79EFBC}") = "ChatServer", "src\Step2\ChatServer\ChatServer.csproj", "{39B28C01-A275-4AC8-B9B2-1CFD4EA953F1}"
EndProject
Project("{FAE04EC0-301F-11D3-BF4B-00C04F79EFBC}") = "ChatClient", "src\Step2\ChatClient\ChatClient.csproj", "{978A97F3-1F03-4246-806D-4EF8FAA7A2A8}"
EndProject
Project("{2150E333-8FDC-42A3-9474-1A3956D46DE8}") = "step3", "step3", "{9574A075-69F7-4524-A841-5EF1EE2B81A4}"
EndProject
Project("{FAE04EC0-301F-11D3-BF4B-00C04F79EFBC}") = "ChatServer", "src\Step3\ChatServer\ChatServer.csproj", "{3DBA5C6B-000C-4571-8796-139297036F8A}"
EndProject
Project("{FAE04EC0-301F-11D3-BF4B-00C04F79EFBC}") = "ChatClient3", "src\Step3\ChatClient\ChatClient3.csproj", "{DB019B6C-99C9-4265-AB9B-FBF8B8A7954F}"
EndProject
Project("{2150E333-8FDC-42A3-9474-1A3956D46DE8}") = "PilotChat2", "PilotChat2", "{E1871B5D-1EE2-4219-9C02-1B45DAB20829}"
EndProject
Project("{2150E333-8FDC-42A3-9474-1A3956D46DE8}") = "PilotChat3", "PilotChat3", "{EE06EF70-8077-4351-A41C-8B87A9FA75B9}"
	ProjectSection(SolutionItems) = preProject
		tests\PilotStep3\WinForm.txt = tests\PilotStep3\WinForm.txt
	EndProjectSection
EndProject
Project("{FAE04EC0-301F-11D3-BF4B-00C04F79EFBC}") = "PilotChatClient", "tests\PilotStep2\ChatClient\PilotChatClient.csproj", "{4B6FFC3E-2CC8-418A-B379-3E4871467E60}"
EndProject
Project("{FAE04EC0-301F-11D3-BF4B-00C04F79EFBC}") = "PilotChatServer", "tests\PilotStep2\ChatServer\PilotChatServer.csproj", "{41033A53-7555-4C07-8F3B-61E12861EE35}"
EndProject
Project("{9A19103F-16F7-4668-BE54-9A1E7A4F7556}") = "ChatShare", "src\Step3\ChatShare\ChatShare.csproj", "{F8829E20-4639-42A6-B3EB-45DCC694872C}"
EndProject
Project("{2150E333-8FDC-42A3-9474-1A3956D46DE8}") = "setup", "setup", "{252D17FC-BA8B-442B-9182-3ED6F63401EB}"
EndProject
Project("{54435603-DBB4-11D2-8724-00A0C9A8B90C}") = "ChatSetup", "setup\ChatSetup\ChatSetup.vdproj", "{4A8245CB-29D6-47DD-8B89-DDD8F494D6D7}"
EndProject
Global
	GlobalSection(SolutionConfigurationPlatforms) = preSolution
		Debug|Any CPU = Debug|Any CPU
		Release|Any CPU = Release|Any CPU
	EndGlobalSection
	GlobalSection(ProjectConfigurationPlatforms) = postSolution
		{E24E77C4-F46F-4C3A-9B29-775430C744EF}.Debug|Any CPU.ActiveCfg = Debug|Any CPU
		{E24E77C4-F46F-4C3A-9B29-775430C744EF}.Debug|Any CPU.Build.0 = Debug|Any CPU
		{E24E77C4-F46F-4C3A-9B29-775430C744EF}.Release|Any CPU.ActiveCfg = Release|Any CPU
		{E24E77C4-F46F-4C3A-9B29-775430C744EF}.Release|Any CPU.Build.0 = Release|Any CPU
		{86E513CA-5346-4C5C-8A02-8F48D7406642}.Debug|Any CPU.ActiveCfg = Debug|Any CPU
		{86E513CA-5346-4C5C-8A02-8F48D7406642}.Debug|Any CPU.Build.0 = Debug|Any CPU
		{86E513CA-5346-4C5C-8A02-8F48D7406642}.Release|Any CPU.ActiveCfg = Release|Any CPU
		{86E513CA-5346-4C5C-8A02-8F48D7406642}.Release|Any CPU.Build.0 = Release|Any CPU
		{39B28C01-A275-4AC8-B9B2-1CFD4EA953F1}.Debug|Any CPU.ActiveCfg = Debug|Any CPU
		{39B28C01-A275-4AC8-B9B2-1CFD4EA953F1}.Debug|Any CPU.Build.0 = Debug|Any CPU
		{39B28C01-A275-4AC8-B9B2-1CFD4EA953F1}.Release|Any CPU.ActiveCfg = Release|Any CPU
		{39B28C01-A275-4AC8-B9B2-1CFD4EA953F1}.Release|Any CPU.Build.0 = Release|Any CPU
		{978A97F3-1F03-4246-806D-4EF8FAA7A2A8}.Debug|Any CPU.ActiveCfg = Debug|Any CPU
		{978A97F3-1F03-4246-806D-4EF8FAA7A2A8}.Debug|Any CPU.Build.0 = Debug|Any CPU
		{978A97F3-1F03-4246-806D-4EF8FAA7A2A8}.Release|Any CPU.ActiveCfg = Release|Any CPU
		{978A97F3-1F03-4246-806D-4EF8FAA7A2A8}.Release|Any CPU.Build.0 = Release|Any CPU
		{3DBA5C6B-000C-4571-8796-139297036F8A}.Debug|Any CPU.ActiveCfg = Debug|Any CPU
		{3DBA5C6B-000C-4571-8796-139297036F8A}.Debug|Any CPU.Build.0 = Debug|Any CPU
		{3DBA5C6B-000C-4571-8796-139297036F8A}.Release|Any CPU.ActiveCfg = Release|Any CPU
		{3DBA5C6B-000C-4571-8796-139297036F8A}.Release|Any CPU.Build.0 = Release|Any CPU
		{DB019B6C-99C9-4265-AB9B-FBF8B8A7954F}.Debug|Any CPU.ActiveCfg = Debug|Any CPU
		{DB019B6C-99C9-4265-AB9B-FBF8B8A7954F}.Debug|Any CPU.Build.0 = Debug|Any CPU
		{DB019B6C-99C9-4265-AB9B-FBF8B8A7954F}.Release|Any CPU.ActiveCfg = Release|Any CPU
		{DB019B6C-99C9-4265-AB9B-FBF8B8A7954F}.Release|Any CPU.Build.0 = Release|Any CPU
		{4B6FFC3E-2CC8-418A-B379-3E4871467E60}.Debug|Any CPU.ActiveCfg = Debug|Any CPU
		{4B6FFC3E-2CC8-418A-B379-3E4871467E60}.Debug|Any CPU.Build.0 = Debug|Any CPU
		{4B6FFC3E-2CC8-418A-B379-3E4871467E60}.Release|Any CPU.ActiveCfg = Release|Any CPU
		{4B6FFC3E-2CC8-418A-B379-3E4871467E60}.Release|Any CPU.Build.0 = Release|Any CPU
		{41033A53-7555-4C07-8F3B-61E12861EE35}.Debug|Any CPU.ActiveCfg = Debug|Any CPU
		{41033A53-7555-4C07-8F3B-61E12861EE35}.Debug|Any CPU.Build.0 = Debug|Any CPU
		{41033A53-7555-4C07-8F3B-61E12861EE35}.Release|Any CPU.ActiveCfg = Release|Any CPU
		{41033A53-7555-4C07-8F3B-61E12861EE35}.Release|Any CPU.Build.0 = Release|Any CPU
		{F8829E20-4639-42A6-B3EB-45DCC694872C}.Debug|Any CPU.ActiveCfg = Debug|Any CPU
		{F8829E20-4639-42A6-B3EB-45DCC694872C}.Debug|Any CPU.Build.0 = Debug|Any CPU
		{F8829E20-4639-42A6-B3EB-45DCC694872C}.Release|Any CPU.ActiveCfg = Release|Any CPU
		{F8829E20-4639-42A6-B3EB-45DCC694872C}.Release|Any CPU.Build.0 = Release|Any CPU
		{4A8245CB-29D6-47DD-8B89-DDD8F494D6D7}.Debug|Any CPU.ActiveCfg = Debug
		{4A8245CB-29D6-47DD-8B89-DDD8F494D6D7}.Release|Any CPU.ActiveCfg = Release
	EndGlobalSection
	GlobalSection(SolutionProperties) = preSolution
		HideSolutionNode = FALSE
	EndGlobalSection
	GlobalSection(NestedProjects) = preSolution
		{E24E77C4-F46F-4C3A-9B29-775430C744EF} = {1FEB6300-0B26-4E34-B7A8-47CE84D7FB48}
		{1FEB6300-0B26-4E34-B7A8-47CE84D7FB48} = {5F609931-7ED6-4D23-88AC-321280B19014}
		{86E513CA-5346-4C5C-8A02-8F48D7406642} = {1FEB6300-0B26-4E34-B7A8-47CE84D7FB48}
		{ECE2CF94-789B-4D92-8BA6-B06066490B4B} = {5F609931-7ED6-4D23-88AC-321280B19014}
		{39B28C01-A275-4AC8-B9B2-1CFD4EA953F1} = {ECE2CF94-789B-4D92-8BA6-B06066490B4B}
		{978A97F3-1F03-4246-806D-4EF8FAA7A2A8} = {ECE2CF94-789B-4D92-8BA6-B06066490B4B}
		{9574A075-69F7-4524-A841-5EF1EE2B81A4} = {5F609931-7ED6-4D23-88AC-321280B19014}
		{3DBA5C6B-000C-4571-8796-139297036F8A} = {9574A075-69F7-4524-A841-5EF1EE2B81A4}
		{DB019B6C-99C9-4265-AB9B-FBF8B8A7954F} = {9574A075-69F7-4524-A841-5EF1EE2B81A4}
		{E1871B5D-1EE2-4219-9C02-1B45DAB20829} = {6D1D5FCC-4ECD-4BB8-A8AC-0858F6AF6D41}
		{EE06EF70-8077-4351-A41C-8B87A9FA75B9} = {6D1D5FCC-4ECD-4BB8-A8AC-0858F6AF6D41}
		{4B6FFC3E-2CC8-418A-B379-3E4871467E60} = {E1871B5D-1EE2-4219-9C02-1B45DAB20829}
		{41033A53-7555-4C07-8F3B-61E12861EE35} = {E1871B5D-1EE2-4219-9C02-1B45DAB20829}
		{F8829E20-4639-42A6-B3EB-45DCC694872C} = {9574A075-69F7-4524-A841-5EF1EE2B81A4}
		{4A8245CB-29D6-47DD-8B89-DDD8F494D6D7} = {252D17FC-BA8B-442B-9182-3ED6F63401EB}
	EndGlobalSection
	GlobalSection(ExtensibilityGlobals) = postSolution
		SolutionGuid = {453764A4-82A3-4495-B7A7-65451D361DF7}
	EndGlobalSection
EndGlobal
