
Microsoft Visual Studio Solution File, Format Version 12.00
# Visual Studio Version 17
VisualStudioVersion = 17.1.32407.343
MinimumVisualStudioVersion = 10.0.40219.1
Project("{FAE04EC0-301F-11D3-BF4B-00C04F79EFBC}") = "ChatForm", "ChatForm\ChatForm.csproj", "{A721413E-B4B8-4936-A848-856ED3CC970E}"
EndProject
Global
	GlobalSection(SolutionConfigurationPlatforms) = preSolution
		Debug|Any CPU = Debug|Any CPU
		Release|Any CPU = Release|Any CPU
	EndGlobalSection
	GlobalSection(ProjectConfigurationPlatforms) = postSolution
		{A721413E-B4B8-4936-A848-856ED3CC970E}.Debug|Any CPU.ActiveCfg = Debug|Any CPU
		{A721413E-B4B8-4936-A848-856ED3CC970E}.Debug|Any CPU.Build.0 = Debug|Any CPU
		{A721413E-B4B8-4936-A848-856ED3CC970E}.Release|Any CPU.ActiveCfg = Release|Any CPU
		{A721413E-B4B8-4936-A848-856ED3CC970E}.Release|Any CPU.Build.0 = Release|Any CPU
	EndGlobalSection
	GlobalSection(SolutionProperties) = preSolution
		HideSolutionNode = FALSE
	EndGlobalSection
	GlobalSection(ExtensibilityGlobals) = postSolution
		SolutionGuid = {453764A4-82A3-4495-B7A7-65451D361DF7}
	EndGlobalSection
EndGlobal
